
Microsoft Visual Studio Solution File, Format Version 12.00
# Visual Studio Version 16
VisualStudioVersion = 16.0.31424.327
MinimumVisualStudioVersion = 10.0.40219.1
Project("{FAE04EC0-301F-11D3-BF4B-00C04F79EFBC}") = "CanteenManagementSystem", "CanteenManagementSystem\CanteenManagementSystem.csproj", "{A66F5244-C611-4E3C-ADA8-DCDB85B5C401}"
EndProject
Global
	GlobalSection(SolutionConfigurationPlatforms) = preSolution
		Debug|Any CPU = Debug|Any CPU
		Release|Any CPU = Release|Any CPU
	EndGlobalSection
	GlobalSection(ProjectConfigurationPlatforms) = postSolution
		{A66F5244-C611-4E3C-ADA8-DCDB85B5C401}.Debug|Any CPU.ActiveCfg = Debug|Any CPU
		{A66F5244-C611-4E3C-ADA8-DCDB85B5C401}.Debug|Any CPU.Build.0 = Debug|Any CPU
		{A66F5244-C611-4E3C-ADA8-DCDB85B5C401}.Release|Any CPU.ActiveCfg = Release|Any CPU
		{A66F5244-C611-4E3C-ADA8-DCDB85B5C401}.Release|Any CPU.Build.0 = Release|Any CPU
	EndGlobalSection
	GlobalSection(SolutionProperties) = preSolution
		HideSolutionNode = FALSE
	EndGlobalSection
	GlobalSection(ExtensibilityGlobals) = postSolution
		SolutionGuid = {550C0B48-6E1B-489F-B55E-A960DB3B12D4}
	EndGlobalSection
EndGlobal
